
Microsoft Visual Studio Solution File, Format Version 11.00
# Visual Studio 2010
Project("{FAE04EC0-301F-11D3-BF4B-00C04F79EFBC}") = "Temizlik", "Assembly-CSharp.csproj", "{BF86BF1B-EDCE-F578-24BC-ED3419C4F10F}"
EndProject
Project("{FAE04EC0-301F-11D3-BF4B-00C04F79EFBC}") = "Temizlik", "Assembly-CSharp-firstpass.csproj", "{8843A52A-3F48-8F5A-7FEA-EA0A24B0A802}"
EndProject
Project("{FAE04EC0-301F-11D3-BF4B-00C04F79EFBC}") = "Temizlik", "Assembly-CSharp-Editor.csproj", "{63016C77-E4FE-3276-4AC1-AE51E416CB13}"
EndProject
Project("{FAE04EC0-301F-11D3-BF4B-00C04F79EFBC}") = "Temizlik", "Assembly-CSharp-Editor-firstpass.csproj", "{2E8FA2B2-B2CF-B8F6-FF10-FCA826986AC0}"
EndProject
Global
	GlobalSection(SolutionConfigurationPlatforms) = preSolution
		Debug|Any CPU = Debug|Any CPU
		Release|Any CPU = Release|Any CPU
	EndGlobalSection
	GlobalSection(ProjectConfigurationPlatforms) = postSolution
		{BF86BF1B-EDCE-F578-24BC-ED3419C4F10F}.Debug|Any CPU.ActiveCfg = Debug|Any CPU
		{BF86BF1B-EDCE-F578-24BC-ED3419C4F10F}.Debug|Any CPU.Build.0 = Debug|Any CPU
		{BF86BF1B-EDCE-F578-24BC-ED3419C4F10F}.Release|Any CPU.ActiveCfg = Release|Any CPU
		{BF86BF1B-EDCE-F578-24BC-ED3419C4F10F}.Release|Any CPU.Build.0 = Release|Any CPU
		{8843A52A-3F48-8F5A-7FEA-EA0A24B0A802}.Debug|Any CPU.ActiveCfg = Debug|Any CPU
		{8843A52A-3F48-8F5A-7FEA-EA0A24B0A802}.Debug|Any CPU.Build.0 = Debug|Any CPU
		{8843A52A-3F48-8F5A-7FEA-EA0A24B0A802}.Release|Any CPU.ActiveCfg = Release|Any CPU
		{8843A52A-3F48-8F5A-7FEA-EA0A24B0A802}.Release|Any CPU.Build.0 = Release|Any CPU
		{63016C77-E4FE-3276-4AC1-AE51E416CB13}.Debug|Any CPU.ActiveCfg = Debug|Any CPU
		{63016C77-E4FE-3276-4AC1-AE51E416CB13}.Debug|Any CPU.Build.0 = Debug|Any CPU
		{63016C77-E4FE-3276-4AC1-AE51E416CB13}.Release|Any CPU.ActiveCfg = Release|Any CPU
		{63016C77-E4FE-3276-4AC1-AE51E416CB13}.Release|Any CPU.Build.0 = Release|Any CPU
		{2E8FA2B2-B2CF-B8F6-FF10-FCA826986AC0}.Debug|Any CPU.ActiveCfg = Debug|Any CPU
		{2E8FA2B2-B2CF-B8F6-FF10-FCA826986AC0}.Debug|Any CPU.Build.0 = Debug|Any CPU
		{2E8FA2B2-B2CF-B8F6-FF10-FCA826986AC0}.Release|Any CPU.ActiveCfg = Release|Any CPU
		{2E8FA2B2-B2CF-B8F6-FF10-FCA826986AC0}.Release|Any CPU.Build.0 = Release|Any CPU
	EndGlobalSection
	GlobalSection(SolutionProperties) = preSolution
		HideSolutionNode = FALSE
	EndGlobalSection
	GlobalSection(MonoDevelopProperties) = preSolution
		StartupItem = Assembly-CSharp.csproj
	EndGlobalSection
EndGlobal
